
Microsoft Visual Studio Solution File, Format Version 12.00
# Visual Studio Version 17
VisualStudioVersion = 17.3.32929.385
MinimumVisualStudioVersion = 10.0.40219.1
Project("{FAE04EC0-301F-11D3-BF4B-00C04F79EFBC}") = "WciAlimentos", "WciAlimentos\WciAlimentos.csproj", "{229AD4C0-9364-447E-BB1C-FF15700E8A1D}"
EndProject
Project("{FAE04EC0-301F-11D3-BF4B-00C04F79EFBC}") = "Model", "Model\Model.csproj", "{EFC62CCF-1F48-450D-9BC4-18531F73FE28}"
EndProject
Global
	GlobalSection(SolutionConfigurationPlatforms) = preSolution
		Debug|Any CPU = Debug|Any CPU
		Release|Any CPU = Release|Any CPU
	EndGlobalSection
	GlobalSection(ProjectConfigurationPlatforms) = postSolution
		{229AD4C0-9364-447E-BB1C-FF15700E8A1D}.Debug|Any CPU.ActiveCfg = Debug|Any CPU
		{229AD4C0-9364-447E-BB1C-FF15700E8A1D}.Debug|Any CPU.Build.0 = Debug|Any CPU
		{229AD4C0-9364-447E-BB1C-FF15700E8A1D}.Release|Any CPU.ActiveCfg = Release|Any CPU
		{229AD4C0-9364-447E-BB1C-FF15700E8A1D}.Release|Any CPU.Build.0 = Release|Any CPU
		{EFC62CCF-1F48-450D-9BC4-18531F73FE28}.Debug|Any CPU.ActiveCfg = Debug|Any CPU
		{EFC62CCF-1F48-450D-9BC4-18531F73FE28}.Debug|Any CPU.Build.0 = Debug|Any CPU
		{EFC62CCF-1F48-450D-9BC4-18531F73FE28}.Release|Any CPU.ActiveCfg = Release|Any CPU
		{EFC62CCF-1F48-450D-9BC4-18531F73FE28}.Release|Any CPU.Build.0 = Release|Any CPU
	EndGlobalSection
	GlobalSection(SolutionProperties) = preSolution
		HideSolutionNode = FALSE
	EndGlobalSection
	GlobalSection(ExtensibilityGlobals) = postSolution
		SolutionGuid = {092C0B83-2614-40AC-BA5C-4B4D7CBBB3E2}
	EndGlobalSection
EndGlobal
